// !$*UTF8*$!
{
	archiveVersion = 1;
	classes = {
	};
	objectVersion = 46;
	objects = {

/* Begin PBXBuildFile section */
		F63B860B1788335000E16B67 /* UIKit.framework in Frameworks */ = {isa = PBXBuildFile; fileRef = F63B860A1788335000E16B67 /* UIKit.framework */; };
		F63B860D1788335000E16B67 /* Foundation.framework in Frameworks */ = {isa = PBXBuildFile; fileRef = F63B860C1788335000E16B67 /* Foundation.framework */; };
		F63B860F1788335000E16B67 /* CoreGraphics.framework in Frameworks */ = {isa = PBXBuildFile; fileRef = F63B860E1788335000E16B67 /* CoreGraphics.framework */; };
		F63B86151788335000E16B67 /* InfoPlist.strings in Resources */ = {isa = PBXBuildFile; fileRef = F63B86131788335000E16B67 /* InfoPlist.strings */; };
		F63B86171788335000E16B67 /* main.m in Sources */ = {isa = PBXBuildFile; fileRef = F63B86161788335000E16B67 /* main.m */; };
		F63B861B1788335000E16B67 /* AppDelegate.m in Sources */ = {isa = PBXBuildFile; fileRef = F63B861A1788335000E16B67 /* AppDelegate.m */; };
		F63B861D1788335000E16B67 /* Default.png in Resources */ = {isa = PBXBuildFile; fileRef = F63B861C1788335000E16B67 /* Default.png */; };
		F63B861F1788335000E16B67 /* Default@2x.png in Resources */ = {isa = PBXBuildFile; fileRef = F63B861E1788335000E16B67 /* Default@2x.png */; };
		F63B86211788335000E16B67 /* Default-568h@2x.png in Resources */ = {isa = PBXBuildFile; fileRef = F63B86201788335000E16B67 /* Default-568h@2x.png */; };
		F63B86241788335000E16B67 /* MainStoryboard.storyboard in Resources */ = {isa = PBXBuildFile; fileRef = F63B86221788335000E16B67 /* MainStoryboard.storyboard */; };
		F63B86271788335000E16B67 /* ViewController.m in Sources */ = {isa = PBXBuildFile; fileRef = F63B86261788335000E16B67 /* ViewController.m */; };
		F69392C317893EAF0079E768 /* DemoSegue.m in Sources */ = {isa = PBXBuildFile; fileRef = F69392C217893EAF0079E768 /* DemoSegue.m */; };
		F69392C61789415C0079E768 /* DemoModalViewController.m in Sources */ = {isa = PBXBuildFile; fileRef = F69392C51789415C0079E768 /* DemoModalViewController.m */; };
		F69392C8178994B00079E768 /* LinkedStoryboard.storyboard in Resources */ = {isa = PBXBuildFile; fileRef = F69392C7178994B00079E768 /* LinkedStoryboard.storyboard */; };
		F6BF76B8178C317F00F2B51E /* RBStoryboardLink.m in Sources */ = {isa = PBXBuildFile; fileRef = F6BF76B7178C317F00F2B51E /* RBStoryboardLink.m */; };
		F6BF76BB178C381A00F2B51E /* LinkedViewController.m in Sources */ = {isa = PBXBuildFile; fileRef = F6BF76BA178C381A00F2B51E /* LinkedViewController.m */; };
		F6F38FCE17899A8B00401CB0 /* SendingViewController.m in Sources */ = {isa = PBXBuildFile; fileRef = F6F38FCD17899A8B00401CB0 /* SendingViewController.m */; };
		F6F38FD117899D1900401CB0 /* ReceivingViewController.m in Sources */ = {isa = PBXBuildFile; fileRef = F6F38FD017899D1900401CB0 /* ReceivingViewController.m */; };
		F6F38FD317899F0800401CB0 /* 0b8944824bbcdae41dc08d296e938628.jpeg in Resources */ = {isa = PBXBuildFile; fileRef = F6F38FD217899F0800401CB0 /* 0b8944824bbcdae41dc08d296e938628.jpeg */; };
/* End PBXBuildFile section */

/* Begin PBXFileReference section */
		F63B86071788335000E16B67 /* StoryboardSample.app */ = {isa = PBXFileReference; explicitFileType = wrapper.application; includeInIndex = 0; path = StoryboardSample.app; sourceTree = BUILT_PRODUCTS_DIR; };
		F63B860A1788335000E16B67 /* UIKit.framework */ = {isa = PBXFileReference; lastKnownFileType = wrapper.framework; name = UIKit.framework; path = System/Library/Frameworks/UIKit.framework; sourceTree = SDKROOT; };
		F63B860C1788335000E16B67 /* Foundation.framework */ = {isa = PBXFileReference; lastKnownFileType = wrapper.framework; name = Foundation.framework; path = System/Library/Frameworks/Foundation.framework; sourceTree = SDKROOT; };
		F63B860E1788335000E16B67 /* CoreGraphics.framework */ = {isa = PBXFileReference; lastKnownFileType = wrapper.framework; name = CoreGraphics.framework; path = System/Library/Frameworks/CoreGraphics.framework; sourceTree = SDKROOT; };
		F63B86121788335000E16B67 /* StoryboardSample-Info.plist */ = {isa = PBXFileReference; lastKnownFileType = text.plist.xml; path = "StoryboardSample-Info.plist"; sourceTree = "<group>"; };
		F63B86141788335000E16B67 /* en */ = {isa = PBXFileReference; lastKnownFileType = text.plist.strings; name = en; path = en.lproj/InfoPlist.strings; sourceTree = "<group>"; };
		F63B86161788335000E16B67 /* main.m */ = {isa = PBXFileReference; lastKnownFileType = sourcecode.c.objc; path = main.m; sourceTree = "<group>"; };
		F63B86181788335000E16B67 /* StoryboardSample-Prefix.pch */ = {isa = PBXFileReference; lastKnownFileType = sourcecode.c.h; path = "StoryboardSample-Prefix.pch"; sourceTree = "<group>"; };
		F63B86191788335000E16B67 /* AppDelegate.h */ = {isa = PBXFileReference; lastKnownFileType = sourcecode.c.h; path = AppDelegate.h; sourceTree = "<group>"; };
		F63B861A1788335000E16B67 /* AppDelegate.m */ = {isa = PBXFileReference; lastKnownFileType = sourcecode.c.objc; path = AppDelegate.m; sourceTree = "<group>"; };
		F63B861C1788335000E16B67 /* Default.png */ = {isa = PBXFileReference; lastKnownFileType = image.png; path = Default.png; sourceTree = "<group>"; };
		F63B861E1788335000E16B67 /* Default@2x.png */ = {isa = PBXFileReference; lastKnownFileType = image.png; path = "Default@2x.png"; sourceTree = "<group>"; };
		F63B86201788335000E16B67 /* Default-568h@2x.png */ = {isa = PBXFileReference; lastKnownFileType = image.png; path = "Default-568h@2x.png"; sourceTree = "<group>"; };
		F63B86231788335000E16B67 /* en */ = {isa = PBXFileReference; lastKnownFileType = file.storyboard; name = en; path = en.lproj/MainStoryboard.storyboard; sourceTree = "<group>"; };
		F63B86251788335000E16B67 /* ViewController.h */ = {isa = PBXFileReference; lastKnownFileType = sourcecode.c.h; path = ViewController.h; sourceTree = "<group>"; };
		F63B86261788335000E16B67 /* ViewController.m */ = {isa = PBXFileReference; lastKnownFileType = sourcecode.c.objc; path = ViewController.m; sourceTree = "<group>"; };
		F69392C117893EAF0079E768 /* DemoSegue.h */ = {isa = PBXFileReference; fileEncoding = 4; lastKnownFileType = sourcecode.c.h; path = DemoSegue.h; sourceTree = "<group>"; };
		F69392C217893EAF0079E768 /* DemoSegue.m */ = {isa = PBXFileReference; fileEncoding = 4; lastKnownFileType = sourcecode.c.objc; path = DemoSegue.m; sourceTree = "<group>"; };
		F69392C41789415C0079E768 /* DemoModalViewController.h */ = {isa = PBXFileReference; fileEncoding = 4; lastKnownFileType = sourcecode.c.h; path = DemoModalViewController.h; sourceTree = "<group>"; };
		F69392C51789415C0079E768 /* DemoModalViewController.m */ = {isa = PBXFileReference; fileEncoding = 4; lastKnownFileType = sourcecode.c.objc; path = DemoModalViewController.m; sourceTree = "<group>"; };
		F69392C7178994B00079E768 /* LinkedStoryboard.storyboard */ = {isa = PBXFileReference; fileEncoding = 4; lastKnownFileType = file.storyboard; path = LinkedStoryboard.storyboard; sourceTree = "<group>"; };
		F6BF76B6178C317F00F2B51E /* RBStoryboardLink.h */ = {isa = PBXFileReference; fileEncoding = 4; lastKnownFileType = sourcecode.c.h; path = RBStoryboardLink.h; sourceTree = "<group>"; };
		F6BF76B7178C317F00F2B51E /* RBStoryboardLink.m */ = {isa = PBXFileReference; fileEncoding = 4; lastKnownFileType = sourcecode.c.objc; path = RBStoryboardLink.m; sourceTree = "<group>"; };
		F6BF76B9178C381900F2B51E /* LinkedViewController.h */ = {isa = PBXFileReference; fileEncoding = 4; lastKnownFileType = sourcecode.c.h; path = LinkedViewController.h; sourceTree = "<group>"; };
		F6BF76BA178C381A00F2B51E /* LinkedViewController.m */ = {isa = PBXFileReference; fileEncoding = 4; lastKnownFileType = sourcecode.c.objc; path = LinkedViewController.m; sourceTree = "<group>"; };
		F6F38FCC17899A8B00401CB0 /* SendingViewController.h */ = {isa = PBXFileReference; fileEncoding = 4; lastKnownFileType = sourcecode.c.h; path = SendingViewController.h; sourceTree = "<group>"; };
		F6F38FCD17899A8B00401CB0 /* SendingViewController.m */ = {isa = PBXFileReference; fileEncoding = 4; lastKnownFileType = sourcecode.c.objc; path = SendingViewController.m; sourceTree = "<group>"; };
		F6F38FCF17899D1900401CB0 /* ReceivingViewController.h */ = {isa = PBXFileReference; fileEncoding = 4; lastKnownFileType = sourcecode.c.h; path = ReceivingViewController.h; sourceTree = "<group>"; };
		F6F38FD017899D1900401CB0 /* ReceivingViewController.m */ = {isa = PBXFileReference; fileEncoding = 4; lastKnownFileType = sourcecode.c.objc; path = ReceivingViewController.m; sourceTree = "<group>"; };
		F6F38FD217899F0800401CB0 /* 0b8944824bbcdae41dc08d296e938628.jpeg */ = {isa = PBXFileReference; lastKnownFileType = image.jpeg; path = 0b8944824bbcdae41dc08d296e938628.jpeg; sourceTree = "<group>"; };
/* End PBXFileReference section */

/* Begin PBXFrameworksBuildPhase section */
		F63B86041788335000E16B67 /* Frameworks */ = {
			isa = PBXFrameworksBuildPhase;
			buildActionMask = 2147483647;
			files = (
				F63B860B1788335000E16B67 /* UIKit.framework in Frameworks */,
				F63B860D1788335000E16B67 /* Foundation.framework in Frameworks */,
				F63B860F1788335000E16B67 /* CoreGraphics.framework in Frameworks */,
			);
			runOnlyForDeploymentPostprocessing = 0;
		};
/* End PBXFrameworksBuildPhase section */

/* Begin PBXGroup section */
		F63B85FE1788335000E16B67 = {
			isa = PBXGroup;
			children = (
				F63B86101788335000E16B67 /* StoryboardSample */,
				F63B86091788335000E16B67 /* Frameworks */,
				F63B86081788335000E16B67 /* Products */,
			);
			sourceTree = "<group>";
		};
		F63B86081788335000E16B67 /* Products */ = {
			isa = PBXGroup;
			children = (
				F63B86071788335000E16B67 /* StoryboardSample.app */,
			);
			name = Products;
			sourceTree = "<group>";
		};
		F63B86091788335000E16B67 /* Frameworks */ = {
			isa = PBXGroup;
			children = (
				F63B860A1788335000E16B67 /* UIKit.framework */,
				F63B860C1788335000E16B67 /* Foundation.framework */,
				F63B860E1788335000E16B67 /* CoreGraphics.framework */,
			);
			name = Frameworks;
			sourceTree = "<group>";
		};
		F63B86101788335000E16B67 /* StoryboardSample */ = {
			isa = PBXGroup;
			children = (
				F6BF76B6178C317F00F2B51E /* RBStoryboardLink.h */,
				F6BF76B7178C317F00F2B51E /* RBStoryboardLink.m */,
				F6F38FD217899F0800401CB0 /* 0b8944824bbcdae41dc08d296e938628.jpeg */,
				F63B86191788335000E16B67 /* AppDelegate.h */,
				F63B861A1788335000E16B67 /* AppDelegate.m */,
				F63B86221788335000E16B67 /* MainStoryboard.storyboard */,
				F63B86251788335000E16B67 /* ViewController.h */,
				F63B86261788335000E16B67 /* ViewController.m */,
				F63B86111788335000E16B67 /* Supporting Files */,
				F69392C117893EAF0079E768 /* DemoSegue.h */,
				F69392C217893EAF0079E768 /* DemoSegue.m */,
				F69392C41789415C0079E768 /* DemoModalViewController.h */,
				F69392C51789415C0079E768 /* DemoModalViewController.m */,
				F69392C7178994B00079E768 /* LinkedStoryboard.storyboard */,
				F6F38FCC17899A8B00401CB0 /* SendingViewController.h */,
				F6F38FCD17899A8B00401CB0 /* SendingViewController.m */,
				F6F38FCF17899D1900401CB0 /* ReceivingViewController.h */,
				F6F38FD017899D1900401CB0 /* ReceivingViewController.m */,
				F6BF76B9178C381900F2B51E /* LinkedViewController.h */,
				F6BF76BA178C381A00F2B51E /* LinkedViewController.m */,
			);
			path = StoryboardSample;
			sourceTree = "<group>";
		};
		F63B86111788335000E16B67 /* Supporting Files */ = {
			isa = PBXGroup;
			children = (
				F63B86121788335000E16B67 /* StoryboardSample-Info.plist */,
				F63B86131788335000E16B67 /* InfoPlist.strings */,
				F63B86161788335000E16B67 /* main.m */,
				F63B86181788335000E16B67 /* StoryboardSample-Prefix.pch */,
				F63B861C1788335000E16B67 /* Default.png */,
				F63B861E1788335000E16B67 /* Default@2x.png */,
				F63B86201788335000E16B67 /* Default-568h@2x.png */,
			);
			name = "Supporting Files";
			sourceTree = "<group>";
		};
/* End PBXGroup section */

/* Begin PBXNativeTarget section */
		F63B86061788335000E16B67 /* StoryboardSample */ = {
			isa = PBXNativeTarget;
			buildConfigurationList = F63B862A1788335000E16B67 /* Build configuration list for PBXNativeTarget "StoryboardSample" */;
			buildPhases = (
				F63B86031788335000E16B67 /* Sources */,
				F63B86041788335000E16B67 /* Frameworks */,
				F63B86051788335000E16B67 /* Resources */,
			);
			buildRules = (
			);
			dependencies = (
			);
			name = StoryboardSample;
			productName = StoryboardSample;
			productReference = F63B86071788335000E16B67 /* StoryboardSample.app */;
			productType = "com.apple.product-type.application";
		};
/* End PBXNativeTarget section */

/* Begin PBXProject section */
		F63B85FF1788335000E16B67 /* Project object */ = {
			isa = PBXProject;
			attributes = {
				LastUpgradeCheck = 0460;
				ORGANIZATIONNAME = jtribe;
			};
			buildConfigurationList = F63B86021788335000E16B67 /* Build configuration list for PBXProject "StoryboardSample" */;
			compatibilityVersion = "Xcode 3.2";
			developmentRegion = English;
			hasScannedForEncodings = 0;
			knownRegions = (
				en,
			);
			mainGroup = F63B85FE1788335000E16B67;
			productRefGroup = F63B86081788335000E16B67 /* Products */;
			projectDirPath = "";
			projectRoot = "";
			targets = (
				F63B86061788335000E16B67 /* StoryboardSample */,
			);
		};
/* End PBXProject section */

/* Begin PBXResourcesBuildPhase section */
		F63B86051788335000E16B67 /* Resources */ = {
			isa = PBXResourcesBuildPhase;
			buildActionMask = 2147483647;
			files = (
				F63B86151788335000E16B67 /* InfoPlist.strings in Resources */,
				F63B861D1788335000E16B67 /* Default.png in Resources */,
				F63B861F1788335000E16B67 /* Default@2x.png in Resources */,
				F63B86211788335000E16B67 /* Default-568h@2x.png in Resources */,
				F63B86241788335000E16B67 /* MainStoryboard.storyboard in Resources */,
				F69392C8178994B00079E768 /* LinkedStoryboard.storyboard in Resources */,
				F6F38FD317899F0800401CB0 /* 0b8944824bbcdae41dc08d296e938628.jpeg in Resources */,
			);
			runOnlyForDeploymentPostprocessing = 0;
		};
/* End PBXResourcesBuildPhase section */

/* Begin PBXSourcesBuildPhase section */
		F63B86031788335000E16B67 /* Sources */ = {
			isa = PBXSourcesBuildPhase;
			buildActionMask = 2147483647;
			files = (
				F63B86171788335000E16B67 /* main.m in Sources */,
				F63B861B1788335000E16B67 /* AppDelegate.m in Sources */,
				F63B86271788335000E16B67 /* ViewController.m in Sources */,
				F69392C317893EAF0079E768 /* DemoSegue.m in Sources */,
				F69392C61789415C0079E768 /* DemoModalViewController.m in Sources */,
				F6F38FCE17899A8B00401CB0 /* SendingViewController.m in Sources */,
				F6F38FD117899D1900401CB0 /* ReceivingViewController.m in Sources */,
				F6BF76B8178C317F00F2B51E /* RBStoryboardLink.m in Sources */,
				F6BF76BB178C381A00F2B51E /* LinkedViewController.m in Sources */,
			);
			runOnlyForDeploymentPostprocessing = 0;
		};
/* End PBXSourcesBuildPhase section */

/* Begin PBXVariantGroup section */
		F63B86131788335000E16B67 /* InfoPlist.strings */ = {
			isa = PBXVariantGroup;
			children = (
				F63B86141788335000E16B67 /* en */,
			);
			name = InfoPlist.strings;
			sourceTree = "<group>";
		};
		F63B86221788335000E16B67 /* MainStoryboard.storyboard */ = {
			isa = PBXVariantGroup;
			children = (
				F63B86231788335000E16B67 /* en */,
			);
			name = MainStoryboard.storyboard;
			sourceTree = "<group>";
		};
/* End PBXVariantGroup section */

/* Begin XCBuildConfiguration section */
		F63B86281788335000E16B67 /* Debug */ = {
			isa = XCBuildConfiguration;
			buildSettings = {
				ALWAYS_SEARCH_USER_PATHS = NO;
				CLANG_CXX_LANGUAGE_STANDARD = "gnu++0x";
				CLANG_CXX_LIBRARY = "libc++";
				CLANG_ENABLE_OBJC_ARC = YES;
				CLANG_WARN_CONSTANT_CONVERSION = YES;
				CLANG_WARN_EMPTY_BODY = YES;
				CLANG_WARN_ENUM_CONVERSION = YES;
				CLANG_WARN_INT_CONVERSION = YES;
				CLANG_WARN__DUPLICATE_METHOD_MATCH = YES;
				"CODE_SIGN_IDENTITY[sdk=iphoneos*]" = "iPhone Developer";
				COPY_PHASE_STRIP = NO;
				GCC_C_LANGUAGE_STANDARD = gnu99;
				GCC_DYNAMIC_NO_PIC = NO;
				GCC_OPTIMIZATION_LEVEL = 0;
				GCC_PREPROCESSOR_DEFINITIONS = (
					"DEBUG=1",
					"$(inherited)",
				);
				GCC_SYMBOLS_PRIVATE_EXTERN = NO;
				GCC_WARN_ABOUT_RETURN_TYPE = YES;
				GCC_WARN_UNINITIALIZED_AUTOS = YES;
				GCC_WARN_UNUSED_VARIABLE = YES;
				IPHONEOS_DEPLOYMENT_TARGET = 6.1;
				ONLY_ACTIVE_ARCH = YES;
				SDKROOT = iphoneos;
			};
			name = Debug;
		};
		F63B86291788335000E16B67 /* Release */ = {
			isa = XCBuildConfiguration;
			buildSettings = {
				ALWAYS_SEARCH_USER_PATHS = NO;
				CLANG_CXX_LANGUAGE_STANDARD = "gnu++0x";
				CLANG_CXX_LIBRARY = "libc++";
				CLANG_ENABLE_OBJC_ARC = YES;
				CLANG_WARN_CONSTANT_CONVERSION = YES;
				CLANG_WARN_EMPTY_BODY = YES;
				CLANG_WARN_ENUM_CONVERSION = YES;
				CLANG_WARN_INT_CONVERSION = YES;
				CLANG_WARN__DUPLICATE_METHOD_MATCH = YES;
				"CODE_SIGN_IDENTITY[sdk=iphoneos*]" = "iPhone Developer";
				COPY_PHASE_STRIP = YES;
				GCC_C_LANGUAGE_STANDARD = gnu99;
				GCC_WARN_ABOUT_RETURN_TYPE = YES;
				GCC_WARN_UNINITIALIZED_AUTOS = YES;
				GCC_WARN_UNUSED_VARIABLE = YES;
				IPHONEOS_DEPLOYMENT_TARGET = 6.1;
				OTHER_CFLAGS = "-DNS_BLOCK_ASSERTIONS=1";
				SDKROOT = iphoneos;
				VALIDATE_PRODUCT = YES;
			};
			name = Release;
		};
		F63B862B1788335000E16B67 /* Debug */ = {
			isa = XCBuildConfiguration;
			buildSettings = {
				GCC_PRECOMPILE_PREFIX_HEADER = YES;
				GCC_PREFIX_HEADER = "StoryboardSample/StoryboardSample-Prefix.pch";
				INFOPLIST_FILE = "StoryboardSample/StoryboardSample-Info.plist";
				PRODUCT_NAME = "$(TARGET_NAME)";
				WRAPPER_EXTENSION = app;
			};
			name = Debug;
		};
		F63B862C1788335000E16B67 /* Release */ = {
			isa = XCBuildConfiguration;
			buildSettings = {
				GCC_PRECOMPILE_PREFIX_HEADER = YES;
				GCC_PREFIX_HEADER = "StoryboardSample/StoryboardSample-Prefix.pch";
				INFOPLIST_FILE = "StoryboardSample/StoryboardSample-Info.plist";
				PRODUCT_NAME = "$(TARGET_NAME)";
				WRAPPER_EXTENSION = app;
			};
			name = Release;
		};
/* End XCBuildConfiguration section */

/* Begin XCConfigurationList section */
		F63B86021788335000E16B67 /* Build configuration list for PBXProject "StoryboardSample" */ = {
			isa = XCConfigurationList;
			buildConfigurations = (
				F63B86281788335000E16B67 /* Debug */,
				F63B86291788335000E16B67 /* Release */,
			);
			defaultConfigurationIsVisible = 0;
			defaultConfigurationName = Release;
		};
		F63B862A1788335000E16B67 /* Build configuration list for PBXNativeTarget "StoryboardSample" */ = {
			isa = XCConfigurationList;
			buildConfigurations = (
				F63B862B1788335000E16B67 /* Debug */,
				F63B862C1788335000E16B67 /* Release */,
			);
			defaultConfigurationIsVisible = 0;
			defaultConfigurationName = Release;
		};
/* End XCConfigurationList section */
	};
	rootObject = F63B85FF1788335000E16B67 /* Project object */;
}
